
Microsoft Visual Studio Solution File, Format Version 12.00
# Visual Studio Version 17
VisualStudioVersion = 17.3.32819.101
MinimumVisualStudioVersion = 10.0.40219.1
Project("{FAE04EC0-301F-11D3-BF4B-00C04F79EFBC}") = "Texteditor", "Texteditor\Texteditor.csproj", "{1BC34276-C441-42DF-9759-13FFA68730ED}"
EndProject
Global
	GlobalSection(SolutionConfigurationPlatforms) = preSolution
		Debug|Any CPU = Debug|Any CPU
		Release|Any CPU = Release|Any CPU
	EndGlobalSection
	GlobalSection(ProjectConfigurationPlatforms) = postSolution
		{1BC34276-C441-42DF-9759-13FFA68730ED}.Debug|Any CPU.ActiveCfg = Debug|Any CPU
		{1BC34276-C441-42DF-9759-13FFA68730ED}.Debug|Any CPU.Build.0 = Debug|Any CPU
		{1BC34276-C441-42DF-9759-13FFA68730ED}.Release|Any CPU.ActiveCfg = Release|Any CPU
		{1BC34276-C441-42DF-9759-13FFA68730ED}.Release|Any CPU.Build.0 = Release|Any CPU
	EndGlobalSection
	GlobalSection(SolutionProperties) = preSolution
		HideSolutionNode = FALSE
	EndGlobalSection
	GlobalSection(ExtensibilityGlobals) = postSolution
		SolutionGuid = {80988122-AC04-4280-A22E-6A4437F3240E}
	EndGlobalSection
EndGlobal
